
Microsoft Visual Studio Solution File, Format Version 12.00
# Visual Studio Version 17
VisualStudioVersion = 17.5.002.0
MinimumVisualStudioVersion = 10.0.40219.1
Project("{9A19103F-16F7-4668-BE54-9A1E7A4F7556}") = "Client", "Client\Client.csproj", "{C7B60F08-94D8-4DDD-BE5D-3B7AF6AD9E5F}"
EndProject
Project("{9A19103F-16F7-4668-BE54-9A1E7A4F7556}") = "Server", "Server\Server.csproj", "{43BC0531-5741-46E3-B0BB-67921F655A8C}"
EndProject
Project("{FAE04EC0-301F-11D3-BF4B-00C04F79EFBC}") = "CloudLib", "CloudLib\CloudLib.csproj", "{1B0DB700-2475-421B-A58B-D3D14AC95E64}"
EndProject
Global
	GlobalSection(SolutionConfigurationPlatforms) = preSolution
		Debug|Any CPU = Debug|Any CPU
		Release|Any CPU = Release|Any CPU
	EndGlobalSection
	GlobalSection(ProjectConfigurationPlatforms) = postSolution
		{C7B60F08-94D8-4DDD-BE5D-3B7AF6AD9E5F}.Debug|Any CPU.ActiveCfg = Debug|Any CPU
		{C7B60F08-94D8-4DDD-BE5D-3B7AF6AD9E5F}.Debug|Any CPU.Build.0 = Debug|Any CPU
		{C7B60F08-94D8-4DDD-BE5D-3B7AF6AD9E5F}.Release|Any CPU.ActiveCfg = Release|Any CPU
		{C7B60F08-94D8-4DDD-BE5D-3B7AF6AD9E5F}.Release|Any CPU.Build.0 = Release|Any CPU
		{43BC0531-5741-46E3-B0BB-67921F655A8C}.Debug|Any CPU.ActiveCfg = Debug|Any CPU
		{43BC0531-5741-46E3-B0BB-67921F655A8C}.Debug|Any CPU.Build.0 = Debug|Any CPU
		{43BC0531-5741-46E3-B0BB-67921F655A8C}.Release|Any CPU.ActiveCfg = Release|Any CPU
		{43BC0531-5741-46E3-B0BB-67921F655A8C}.Release|Any CPU.Build.0 = Release|Any CPU
		{1B0DB700-2475-421B-A58B-D3D14AC95E64}.Debug|Any CPU.ActiveCfg = Debug|Any CPU
		{1B0DB700-2475-421B-A58B-D3D14AC95E64}.Debug|Any CPU.Build.0 = Debug|Any CPU
		{1B0DB700-2475-421B-A58B-D3D14AC95E64}.Release|Any CPU.ActiveCfg = Release|Any CPU
		{1B0DB700-2475-421B-A58B-D3D14AC95E64}.Release|Any CPU.Build.0 = Release|Any CPU
	EndGlobalSection
	GlobalSection(SolutionProperties) = preSolution
		HideSolutionNode = FALSE
	EndGlobalSection
	GlobalSection(ExtensibilityGlobals) = postSolution
		SolutionGuid = {9981D9E3-0FA2-4546-923A-82AEF207CBA2}
	EndGlobalSection
EndGlobal
